// !$*UTF8*$!
{
	archiveVersion = 1;
	classes = {
	};
	objectVersion = 50;
	objects = {

/* Begin PBXBuildFile section */
		7563AD7525857143003B196C /* AppDelegate.swift in Sources */ = {isa = PBXBuildFile; fileRef = 7563AD7425857143003B196C /* AppDelegate.swift */; };
		7563AD7925857143003B196C /* ViewController.swift in Sources */ = {isa = PBXBuildFile; fileRef = 7563AD7825857143003B196C /* ViewController.swift */; };
		7563AD7E25857144003B196C /* Assets.xcassets in Resources */ = {isa = PBXBuildFile; fileRef = 7563AD7D25857144003B196C /* Assets.xcassets */; };
		7563AD8125857144003B196C /* LaunchScreen.storyboard in Resources */ = {isa = PBXBuildFile; fileRef = 7563AD7F25857144003B196C /* LaunchScreen.storyboard */; };
		7563AD8C25857144003B196C /* RepoStarsTests.swift in Sources */ = {isa = PBXBuildFile; fileRef = 7563AD8B25857144003B196C /* RepoStarsTests.swift */; };
		7563AD9725857145003B196C /* RepoStarsUITests.swift in Sources */ = {isa = PBXBuildFile; fileRef = 7563AD9625857145003B196C /* RepoStarsUITests.swift */; };
/* End PBXBuildFile section */

/* Begin PBXContainerItemProxy section */
		7563AD8825857144003B196C /* PBXContainerItemProxy */ = {
			isa = PBXContainerItemProxy;
			containerPortal = 7563AD6925857143003B196C /* Project object */;
			proxyType = 1;
			remoteGlobalIDString = 7563AD7025857143003B196C;
			remoteInfo = RepoStars;
		};
		7563AD9325857144003B196C /* PBXContainerItemProxy */ = {
			isa = PBXContainerItemProxy;
			containerPortal = 7563AD6925857143003B196C /* Project object */;
			proxyType = 1;
			remoteGlobalIDString = 7563AD7025857143003B196C;
			remoteInfo = RepoStars;
		};
/* End PBXContainerItemProxy section */

/* Begin PBXFileReference section */
		7563AD7125857143003B196C /* RepoStars.app */ = {isa = PBXFileReference; explicitFileType = wrapper.application; includeInIndex = 0; path = RepoStars.app; sourceTree = BUILT_PRODUCTS_DIR; };
		7563AD7425857143003B196C /* AppDelegate.swift */ = {isa = PBXFileReference; lastKnownFileType = sourcecode.swift; path = AppDelegate.swift; sourceTree = "<group>"; };
		7563AD7825857143003B196C /* ViewController.swift */ = {isa = PBXFileReference; lastKnownFileType = sourcecode.swift; path = ViewController.swift; sourceTree = "<group>"; };
		7563AD7D25857144003B196C /* Assets.xcassets */ = {isa = PBXFileReference; lastKnownFileType = folder.assetcatalog; path = Assets.xcassets; sourceTree = "<group>"; };
		7563AD8025857144003B196C /* Base */ = {isa = PBXFileReference; lastKnownFileType = file.storyboard; name = Base; path = Base.lproj/LaunchScreen.storyboard; sourceTree = "<group>"; };
		7563AD8225857144003B196C /* Info.plist */ = {isa = PBXFileReference; lastKnownFileType = text.plist.xml; path = Info.plist; sourceTree = "<group>"; };
		7563AD8725857144003B196C /* RepoStarsTests.xctest */ = {isa = PBXFileReference; explicitFileType = wrapper.cfbundle; includeInIndex = 0; path = RepoStarsTests.xctest; sourceTree = BUILT_PRODUCTS_DIR; };
		7563AD8B25857144003B196C /* RepoStarsTests.swift */ = {isa = PBXFileReference; lastKnownFileType = sourcecode.swift; path = RepoStarsTests.swift; sourceTree = "<group>"; };
		7563AD8D25857144003B196C /* Info.plist */ = {isa = PBXFileReference; lastKnownFileType = text.plist.xml; path = Info.plist; sourceTree = "<group>"; };
		7563AD9225857144003B196C /* RepoStarsUITests.xctest */ = {isa = PBXFileReference; explicitFileType = wrapper.cfbundle; includeInIndex = 0; path = RepoStarsUITests.xctest; sourceTree = BUILT_PRODUCTS_DIR; };
		7563AD9625857145003B196C /* RepoStarsUITests.swift */ = {isa = PBXFileReference; lastKnownFileType = sourcecode.swift; path = RepoStarsUITests.swift; sourceTree = "<group>"; };
		7563AD9825857145003B196C /* Info.plist */ = {isa = PBXFileReference; lastKnownFileType = text.plist.xml; path = Info.plist; sourceTree = "<group>"; };
/* End PBXFileReference section */

/* Begin PBXFrameworksBuildPhase section */
		7563AD6E25857143003B196C /* Frameworks */ = {
			isa = PBXFrameworksBuildPhase;
			buildActionMask = 2147483647;
			files = (
			);
			runOnlyForDeploymentPostprocessing = 0;
		};
		7563AD8425857144003B196C /* Frameworks */ = {
			isa = PBXFrameworksBuildPhase;
			buildActionMask = 2147483647;
			files = (
			);
			runOnlyForDeploymentPostprocessing = 0;
		};
		7563AD8F25857144003B196C /* Frameworks */ = {
			isa = PBXFrameworksBuildPhase;
			buildActionMask = 2147483647;
			files = (
			);
			runOnlyForDeploymentPostprocessing = 0;
		};
/* End PBXFrameworksBuildPhase section */

/* Begin PBXGroup section */
		7563AD6825857143003B196C = {
			isa = PBXGroup;
			children = (
				7563AD7325857143003B196C /* RepoStars */,
				7563AD8A25857144003B196C /* RepoStarsTests */,
				7563AD9525857145003B196C /* RepoStarsUITests */,
				7563AD7225857143003B196C /* Products */,
			);
			sourceTree = "<group>";
		};
		7563AD7225857143003B196C /* Products */ = {
			isa = PBXGroup;
			children = (
				7563AD7125857143003B196C /* RepoStars.app */,
				7563AD8725857144003B196C /* RepoStarsTests.xctest */,
				7563AD9225857144003B196C /* RepoStarsUITests.xctest */,
			);
			name = Products;
			sourceTree = "<group>";
		};
		7563AD7325857143003B196C /* RepoStars */ = {
			isa = PBXGroup;
			children = (
				7563AD7425857143003B196C /* AppDelegate.swift */,
				7563AD7825857143003B196C /* ViewController.swift */,
				7563AD7D25857144003B196C /* Assets.xcassets */,
				7563AD7F25857144003B196C /* LaunchScreen.storyboard */,
				7563AD8225857144003B196C /* Info.plist */,
			);
			path = RepoStars;
			sourceTree = "<group>";
		};
		7563AD8A25857144003B196C /* RepoStarsTests */ = {
			isa = PBXGroup;
			children = (
				7563AD8B25857144003B196C /* RepoStarsTests.swift */,
				7563AD8D25857144003B196C /* Info.plist */,
			);
			path = RepoStarsTests;
			sourceTree = "<group>";
		};
		7563AD9525857145003B196C /* RepoStarsUITests */ = {
			isa = PBXGroup;
			children = (
				7563AD9625857145003B196C /* RepoStarsUITests.swift */,
				7563AD9825857145003B196C /* Info.plist */,
			);
			path = RepoStarsUITests;
			sourceTree = "<group>";
		};
/* End PBXGroup section */

/* Begin PBXNativeTarget section */
		7563AD7025857143003B196C /* RepoStars */ = {
			isa = PBXNativeTarget;
			buildConfigurationList = 7563AD9B25857145003B196C /* Build configuration list for PBXNativeTarget "RepoStars" */;
			buildPhases = (
				7563AD6D25857143003B196C /* Sources */,
				7563AD6E25857143003B196C /* Frameworks */,
				7563AD6F25857143003B196C /* Resources */,
			);
			buildRules = (
			);
			dependencies = (
			);
			name = RepoStars;
			productName = RepoStars;
			productReference = 7563AD7125857143003B196C /* RepoStars.app */;
			productType = "com.apple.product-type.application";
		};
		7563AD8625857144003B196C /* RepoStarsTests */ = {
			isa = PBXNativeTarget;
			buildConfigurationList = 7563AD9E25857145003B196C /* Build configuration list for PBXNativeTarget "RepoStarsTests" */;
			buildPhases = (
				7563AD8325857144003B196C /* Sources */,
				7563AD8425857144003B196C /* Frameworks */,
				7563AD8525857144003B196C /* Resources */,
			);
			buildRules = (
			);
			dependencies = (
				7563AD8925857144003B196C /* PBXTargetDependency */,
			);
			name = RepoStarsTests;
			productName = RepoStarsTests;
			productReference = 7563AD8725857144003B196C /* RepoStarsTests.xctest */;
			productType = "com.apple.product-type.bundle.unit-test";
		};
		7563AD9125857144003B196C /* RepoStarsUITests */ = {
			isa = PBXNativeTarget;
			buildConfigurationList = 7563ADA125857145003B196C /* Build configuration list for PBXNativeTarget "RepoStarsUITests" */;
			buildPhases = (
				7563AD8E25857144003B196C /* Sources */,
				7563AD8F25857144003B196C /* Frameworks */,
				7563AD9025857144003B196C /* Resources */,
			);
			buildRules = (
			);
			dependencies = (
				7563AD9425857144003B196C /* PBXTargetDependency */,
			);
			name = RepoStarsUITests;
			productName = RepoStarsUITests;
			productReference = 7563AD9225857144003B196C /* RepoStarsUITests.xctest */;
			productType = "com.apple.product-type.bundle.ui-testing";
		};
/* End PBXNativeTarget section */

/* Begin PBXProject section */
		7563AD6925857143003B196C /* Project object */ = {
			isa = PBXProject;
			attributes = {
				LastSwiftUpdateCheck = 1220;
				LastUpgradeCheck = 1220;
				TargetAttributes = {
					7563AD7025857143003B196C = {
						CreatedOnToolsVersion = 12.2;
					};
					7563AD8625857144003B196C = {
						CreatedOnToolsVersion = 12.2;
						TestTargetID = 7563AD7025857143003B196C;
					};
					7563AD9125857144003B196C = {
						CreatedOnToolsVersion = 12.2;
						TestTargetID = 7563AD7025857143003B196C;
					};
				};
			};
			buildConfigurationList = 7563AD6C25857143003B196C /* Build configuration list for PBXProject "RepoStars" */;
			compatibilityVersion = "Xcode 9.3";
			developmentRegion = en;
			hasScannedForEncodings = 0;
			knownRegions = (
				en,
				Base,
			);
			mainGroup = 7563AD6825857143003B196C;
			productRefGroup = 7563AD7225857143003B196C /* Products */;
			projectDirPath = "";
			projectRoot = "";
			targets = (
				7563AD7025857143003B196C /* RepoStars */,
				7563AD8625857144003B196C /* RepoStarsTests */,
				7563AD9125857144003B196C /* RepoStarsUITests */,
			);
		};
/* End PBXProject section */

/* Begin PBXResourcesBuildPhase section */
		7563AD6F25857143003B196C /* Resources */ = {
			isa = PBXResourcesBuildPhase;
			buildActionMask = 2147483647;
			files = (
				7563AD8125857144003B196C /* LaunchScreen.storyboard in Resources */,
				7563AD7E25857144003B196C /* Assets.xcassets in Resources */,
			);
			runOnlyForDeploymentPostprocessing = 0;
		};
		7563AD8525857144003B196C /* Resources */ = {
			isa = PBXResourcesBuildPhase;
			buildActionMask = 2147483647;
			files = (
			);
			runOnlyForDeploymentPostprocessing = 0;
		};
		7563AD9025857144003B196C /* Resources */ = {
			isa = PBXResourcesBuildPhase;
			buildActionMask = 2147483647;
			files = (
			);
			runOnlyForDeploymentPostprocessing = 0;
		};
/* End PBXResourcesBuildPhase section */

/* Begin PBXSourcesBuildPhase section */
		7563AD6D25857143003B196C /* Sources */ = {
			isa = PBXSourcesBuildPhase;
			buildActionMask = 2147483647;
			files = (
				7563AD7925857143003B196C /* ViewController.swift in Sources */,
				7563AD7525857143003B196C /* AppDelegate.swift in Sources */,
			);
			runOnlyForDeploymentPostprocessing = 0;
		};
		7563AD8325857144003B196C /* Sources */ = {
			isa = PBXSourcesBuildPhase;
			buildActionMask = 2147483647;
			files = (
				7563AD8C25857144003B196C /* RepoStarsTests.swift in Sources */,
			);
			runOnlyForDeploymentPostprocessing = 0;
		};
		7563AD8E25857144003B196C /* Sources */ = {
			isa = PBXSourcesBuildPhase;
			buildActionMask = 2147483647;
			files = (
				7563AD9725857145003B196C /* RepoStarsUITests.swift in Sources */,
			);
			runOnlyForDeploymentPostprocessing = 0;
		};
/* End PBXSourcesBuildPhase section */

/* Begin PBXTargetDependency section */
		7563AD8925857144003B196C /* PBXTargetDependency */ = {
			isa = PBXTargetDependency;
			target = 7563AD7025857143003B196C /* RepoStars */;
			targetProxy = 7563AD8825857144003B196C /* PBXContainerItemProxy */;
		};
		7563AD9425857144003B196C /* PBXTargetDependency */ = {
			isa = PBXTargetDependency;
			target = 7563AD7025857143003B196C /* RepoStars */;
			targetProxy = 7563AD9325857144003B196C /* PBXContainerItemProxy */;
		};
/* End PBXTargetDependency section */

/* Begin PBXVariantGroup section */
		7563AD7F25857144003B196C /* LaunchScreen.storyboard */ = {
			isa = PBXVariantGroup;
			children = (
				7563AD8025857144003B196C /* Base */,
			);
			name = LaunchScreen.storyboard;
			sourceTree = "<group>";
		};
/* End PBXVariantGroup section */

/* Begin XCBuildConfiguration section */
		7563AD9925857145003B196C /* Debug */ = {
			isa = XCBuildConfiguration;
			buildSettings = {
				ALWAYS_SEARCH_USER_PATHS = NO;
				CLANG_ANALYZER_NONNULL = YES;
				CLANG_ANALYZER_NUMBER_OBJECT_CONVERSION = YES_AGGRESSIVE;
				CLANG_CXX_LANGUAGE_STANDARD = "gnu++14";
				CLANG_CXX_LIBRARY = "libc++";
				CLANG_ENABLE_MODULES = YES;
				CLANG_ENABLE_OBJC_ARC = YES;
				CLANG_ENABLE_OBJC_WEAK = YES;
				CLANG_WARN_BLOCK_CAPTURE_AUTORELEASING = YES;
				CLANG_WARN_BOOL_CONVERSION = YES;
				CLANG_WARN_COMMA = YES;
				CLANG_WARN_CONSTANT_CONVERSION = YES;
				CLANG_WARN_DEPRECATED_OBJC_IMPLEMENTATIONS = YES;
				CLANG_WARN_DIRECT_OBJC_ISA_USAGE = YES_ERROR;
				CLANG_WARN_DOCUMENTATION_COMMENTS = YES;
				CLANG_WARN_EMPTY_BODY = YES;
				CLANG_WARN_ENUM_CONVERSION = YES;
				CLANG_WARN_INFINITE_RECURSION = YES;
				CLANG_WARN_INT_CONVERSION = YES;
				CLANG_WARN_NON_LITERAL_NULL_CONVERSION = YES;
				CLANG_WARN_OBJC_IMPLICIT_RETAIN_SELF = YES;
				CLANG_WARN_OBJC_LITERAL_CONVERSION = YES;
				CLANG_WARN_OBJC_ROOT_CLASS = YES_ERROR;
				CLANG_WARN_QUOTED_INCLUDE_IN_FRAMEWORK_HEADER = YES;
				CLANG_WARN_RANGE_LOOP_ANALYSIS = YES;
				CLANG_WARN_STRICT_PROTOTYPES = YES;
				CLANG_WARN_SUSPICIOUS_MOVE = YES;
				CLANG_WARN_UNGUARDED_AVAILABILITY = YES_AGGRESSIVE;
				CLANG_WARN_UNREACHABLE_CODE = YES;
				CLANG_WARN__DUPLICATE_METHOD_MATCH = YES;
				COPY_PHASE_STRIP = NO;
				DEBUG_INFORMATION_FORMAT = dwarf;
				ENABLE_STRICT_OBJC_MSGSEND = YES;
				ENABLE_TESTABILITY = YES;
				GCC_C_LANGUAGE_STANDARD = gnu11;
				GCC_DYNAMIC_NO_PIC = NO;
				GCC_NO_COMMON_BLOCKS = YES;
				GCC_OPTIMIZATION_LEVEL = 0;
				GCC_PREPROCESSOR_DEFINITIONS = (
					"DEBUG=1",
					"$(inherited)",
				);
				GCC_WARN_64_TO_32_BIT_CONVERSION = YES;
				GCC_WARN_ABOUT_RETURN_TYPE = YES_ERROR;
				GCC_WARN_UNDECLARED_SELECTOR = YES;
				GCC_WARN_UNINITIALIZED_AUTOS = YES_AGGRESSIVE;
				GCC_WARN_UNUSED_FUNCTION = YES;
				GCC_WARN_UNUSED_VARIABLE = YES;
				IPHONEOS_DEPLOYMENT_TARGET = 14.2;
				MTL_ENABLE_DEBUG_INFO = INCLUDE_SOURCE;
				MTL_FAST_MATH = YES;
				ONLY_ACTIVE_ARCH = YES;
				SDKROOT = iphoneos;
				SWIFT_ACTIVE_COMPILATION_CONDITIONS = DEBUG;
				SWIFT_OPTIMIZATION_LEVEL = "-Onone";
			};
			name = Debug;
		};
		7563AD9A25857145003B196C /* Release */ = {
			isa = XCBuildConfiguration;
			buildSettings = {
				ALWAYS_SEARCH_USER_PATHS = NO;
				CLANG_ANALYZER_NONNULL = YES;
				CLANG_ANALYZER_NUMBER_OBJECT_CONVERSION = YES_AGGRESSIVE;
				CLANG_CXX_LANGUAGE_STANDARD = "gnu++14";
				CLANG_CXX_LIBRARY = "libc++";
				CLANG_ENABLE_MODULES = YES;
				CLANG_ENABLE_OBJC_ARC = YES;
				CLANG_ENABLE_OBJC_WEAK = YES;
				CLANG_WARN_BLOCK_CAPTURE_AUTORELEASING = YES;
				CLANG_WARN_BOOL_CONVERSION = YES;
				CLANG_WARN_COMMA = YES;
				CLANG_WARN_CONSTANT_CONVERSION = YES;
				CLANG_WARN_DEPRECATED_OBJC_IMPLEMENTATIONS = YES;
				CLANG_WARN_DIRECT_OBJC_ISA_USAGE = YES_ERROR;
				CLANG_WARN_DOCUMENTATION_COMMENTS = YES;
				CLANG_WARN_EMPTY_BODY = YES;
				CLANG_WARN_ENUM_CONVERSION = YES;
				CLANG_WARN_INFINITE_RECURSION = YES;
				CLANG_WARN_INT_CONVERSION = YES;
				CLANG_WARN_NON_LITERAL_NULL_CONVERSION = YES;
				CLANG_WARN_OBJC_IMPLICIT_RETAIN_SELF = YES;
				CLANG_WARN_OBJC_LITERAL_CONVERSION = YES;
				CLANG_WARN_OBJC_ROOT_CLASS = YES_ERROR;
				CLANG_WARN_QUOTED_INCLUDE_IN_FRAMEWORK_HEADER = YES;
				CLANG_WARN_RANGE_LOOP_ANALYSIS = YES;
				CLANG_WARN_STRICT_PROTOTYPES = YES;
				CLANG_WARN_SUSPICIOUS_MOVE = YES;
				CLANG_WARN_UNGUARDED_AVAILABILITY = YES_AGGRESSIVE;
				CLANG_WARN_UNREACHABLE_CODE = YES;
				CLANG_WARN__DUPLICATE_METHOD_MATCH = YES;
				COPY_PHASE_STRIP = NO;
				DEBUG_INFORMATION_FORMAT = "dwarf-with-dsym";
				ENABLE_NS_ASSERTIONS = NO;
				ENABLE_STRICT_OBJC_MSGSEND = YES;
				GCC_C_LANGUAGE_STANDARD = gnu11;
				GCC_NO_COMMON_BLOCKS = YES;
				GCC_WARN_64_TO_32_BIT_CONVERSION = YES;
				GCC_WARN_ABOUT_RETURN_TYPE = YES_ERROR;
				GCC_WARN_UNDECLARED_SELECTOR = YES;
				GCC_WARN_UNINITIALIZED_AUTOS = YES_AGGRESSIVE;
				GCC_WARN_UNUSED_FUNCTION = YES;
				GCC_WARN_UNUSED_VARIABLE = YES;
				IPHONEOS_DEPLOYMENT_TARGET = 14.2;
				MTL_ENABLE_DEBUG_INFO = NO;
				MTL_FAST_MATH = YES;
				SDKROOT = iphoneos;
				SWIFT_COMPILATION_MODE = wholemodule;
				SWIFT_OPTIMIZATION_LEVEL = "-O";
				VALIDATE_PRODUCT = YES;
			};
			name = Release;
		};
		7563AD9C25857145003B196C /* Debug */ = {
			isa = XCBuildConfiguration;
			buildSettings = {
				ASSETCATALOG_COMPILER_APPICON_NAME = AppIcon;
				ASSETCATALOG_COMPILER_GLOBAL_ACCENT_COLOR_NAME = AccentColor;
				CODE_SIGN_STYLE = Automatic;
				DEVELOPMENT_TEAM = XC74TF7RQU;
				INFOPLIST_FILE = RepoStars/Info.plist;
				LD_RUNPATH_SEARCH_PATHS = (
					"$(inherited)",
					"@executable_path/Frameworks",
				);
				PRODUCT_BUNDLE_IDENTIFIER = br.com.2eg.RepoStars;
				PRODUCT_NAME = "$(TARGET_NAME)";
				SWIFT_VERSION = 5.0;
				TARGETED_DEVICE_FAMILY = 1;
			};
			name = Debug;
		};
		7563AD9D25857145003B196C /* Release */ = {
			isa = XCBuildConfiguration;
			buildSettings = {
				ASSETCATALOG_COMPILER_APPICON_NAME = AppIcon;
				ASSETCATALOG_COMPILER_GLOBAL_ACCENT_COLOR_NAME = AccentColor;
				CODE_SIGN_STYLE = Automatic;
				DEVELOPMENT_TEAM = XC74TF7RQU;
				INFOPLIST_FILE = RepoStars/Info.plist;
				LD_RUNPATH_SEARCH_PATHS = (
					"$(inherited)",
					"@executable_path/Frameworks",
				);
				PRODUCT_BUNDLE_IDENTIFIER = br.com.2eg.RepoStars;
				PRODUCT_NAME = "$(TARGET_NAME)";
				SWIFT_VERSION = 5.0;
				TARGETED_DEVICE_FAMILY = 1;
			};
			name = Release;
		};
		7563AD9F25857145003B196C /* Debug */ = {
			isa = XCBuildConfiguration;
			buildSettings = {
				ALWAYS_EMBED_SWIFT_STANDARD_LIBRARIES = YES;
				BUNDLE_LOADER = "$(TEST_HOST)";
				CODE_SIGN_STYLE = Automatic;
				DEVELOPMENT_TEAM = XC74TF7RQU;
				INFOPLIST_FILE = RepoStarsTests/Info.plist;
				IPHONEOS_DEPLOYMENT_TARGET = 14.2;
				LD_RUNPATH_SEARCH_PATHS = (
					"$(inherited)",
					"@executable_path/Frameworks",
					"@loader_path/Frameworks",
				);
				PRODUCT_BUNDLE_IDENTIFIER = br.com.2eg.RepoStarsTests;
				PRODUCT_NAME = "$(TARGET_NAME)";
				SWIFT_VERSION = 5.0;
				TARGETED_DEVICE_FAMILY = "1,2";
				TEST_HOST = "$(BUILT_PRODUCTS_DIR)/RepoStars.app/RepoStars";
			};
			name = Debug;
		};
		7563ADA025857145003B196C /* Release */ = {
			isa = XCBuildConfiguration;
			buildSettings = {
				ALWAYS_EMBED_SWIFT_STANDARD_LIBRARIES = YES;
				BUNDLE_LOADER = "$(TEST_HOST)";
				CODE_SIGN_STYLE = Automatic;
				DEVELOPMENT_TEAM = XC74TF7RQU;
				INFOPLIST_FILE = RepoStarsTests/Info.plist;
				IPHONEOS_DEPLOYMENT_TARGET = 14.2;
				LD_RUNPATH_SEARCH_PATHS = (
					"$(inherited)",
					"@executable_path/Frameworks",
					"@loader_path/Frameworks",
				);
				PRODUCT_BUNDLE_IDENTIFIER = br.com.2eg.RepoStarsTests;
				PRODUCT_NAME = "$(TARGET_NAME)";
				SWIFT_VERSION = 5.0;
				TARGETED_DEVICE_FAMILY = "1,2";
				TEST_HOST = "$(BUILT_PRODUCTS_DIR)/RepoStars.app/RepoStars";
			};
			name = Release;
		};
		7563ADA225857145003B196C /* Debug */ = {
			isa = XCBuildConfiguration;
			buildSettings = {
				ALWAYS_EMBED_SWIFT_STANDARD_LIBRARIES = YES;
				CODE_SIGN_STYLE = Automatic;
				DEVELOPMENT_TEAM = XC74TF7RQU;
				INFOPLIST_FILE = RepoStarsUITests/Info.plist;
				LD_RUNPATH_SEARCH_PATHS = (
					"$(inherited)",
					"@executable_path/Frameworks",
					"@loader_path/Frameworks",
				);
				PRODUCT_BUNDLE_IDENTIFIER = br.com.2eg.RepoStarsUITests;
				PRODUCT_NAME = "$(TARGET_NAME)";
				SWIFT_VERSION = 5.0;
				TARGETED_DEVICE_FAMILY = "1,2";
				TEST_TARGET_NAME = RepoStars;
			};
			name = Debug;
		};
		7563ADA325857145003B196C /* Release */ = {
			isa = XCBuildConfiguration;
			buildSettings = {
				ALWAYS_EMBED_SWIFT_STANDARD_LIBRARIES = YES;
				CODE_SIGN_STYLE = Automatic;
				DEVELOPMENT_TEAM = XC74TF7RQU;
				INFOPLIST_FILE = RepoStarsUITests/Info.plist;
				LD_RUNPATH_SEARCH_PATHS = (
					"$(inherited)",
					"@executable_path/Frameworks",
					"@loader_path/Frameworks",
				);
				PRODUCT_BUNDLE_IDENTIFIER = br.com.2eg.RepoStarsUITests;
				PRODUCT_NAME = "$(TARGET_NAME)";
				SWIFT_VERSION = 5.0;
				TARGETED_DEVICE_FAMILY = "1,2";
				TEST_TARGET_NAME = RepoStars;
			};
			name = Release;
		};
/* End XCBuildConfiguration section */

/* Begin XCConfigurationList section */
		7563AD6C25857143003B196C /* Build configuration list for PBXProject "RepoStars" */ = {
			isa = XCConfigurationList;
			buildConfigurations = (
				7563AD9925857145003B196C /* Debug */,
				7563AD9A25857145003B196C /* Release */,
			);
			defaultConfigurationIsVisible = 0;
			defaultConfigurationName = Release;
		};
		7563AD9B25857145003B196C /* Build configuration list for PBXNativeTarget "RepoStars" */ = {
			isa = XCConfigurationList;
			buildConfigurations = (
				7563AD9C25857145003B196C /* Debug */,
				7563AD9D25857145003B196C /* Release */,
			);
			defaultConfigurationIsVisible = 0;
			defaultConfigurationName = Release;
		};
		7563AD9E25857145003B196C /* Build configuration list for PBXNativeTarget "RepoStarsTests" */ = {
			isa = XCConfigurationList;
			buildConfigurations = (
				7563AD9F25857145003B196C /* Debug */,
				7563ADA025857145003B196C /* Release */,
			);
			defaultConfigurationIsVisible = 0;
			defaultConfigurationName = Release;
		};
		7563ADA125857145003B196C /* Build configuration list for PBXNativeTarget "RepoStarsUITests" */ = {
			isa = XCConfigurationList;
			buildConfigurations = (
				7563ADA225857145003B196C /* Debug */,
				7563ADA325857145003B196C /* Release */,
			);
			defaultConfigurationIsVisible = 0;
			defaultConfigurationName = Release;
		};
/* End XCConfigurationList section */
	};
	rootObject = 7563AD6925857143003B196C /* Project object */;
}
